
Microsoft Visual Studio Solution File, Format Version 12.00
# Visual Studio Version 16
VisualStudioVersion = 16.0.30804.86
MinimumVisualStudioVersion = 10.0.40219.1
Project("{FAE04EC0-301F-11D3-BF4B-00C04F79EFBC}") = "UnSealer.Core", "UnSealer.Core.csproj", "{ED26512C-BA4B-43D5-952C-AA8767875984}"
EndProject
Global
	GlobalSection(SolutionConfigurationPlatforms) = preSolution
		Debug|Any CPU = Debug|Any CPU
		Release|Any CPU = Release|Any CPU
	EndGlobalSection
	GlobalSection(ProjectConfigurationPlatforms) = postSolution
		{ED26512C-BA4B-43D5-952C-AA8767875984}.Debug|Any CPU.ActiveCfg = Debug|Any CPU
		{ED26512C-BA4B-43D5-952C-AA8767875984}.Debug|Any CPU.Build.0 = Debug|Any CPU
		{ED26512C-BA4B-43D5-952C-AA8767875984}.Release|Any CPU.ActiveCfg = Release|Any CPU
		{ED26512C-BA4B-43D5-952C-AA8767875984}.Release|Any CPU.Build.0 = Release|Any CPU
	EndGlobalSection
	GlobalSection(SolutionProperties) = preSolution
		HideSolutionNode = FALSE
	EndGlobalSection
	GlobalSection(ExtensibilityGlobals) = postSolution
		SolutionGuid = {2FD9ACB8-1DF0-46D3-B900-A7A5939578B3}
	EndGlobalSection
EndGlobal
