
Microsoft Visual Studio Solution File, Format Version 12.00
# Visual Studio Version 16
VisualStudioVersion = 16.0.30804.86
MinimumVisualStudioVersion = 10.0.40219.1
Project("{FAE04EC0-301F-11D3-BF4B-00C04F79EFBC}") = "UnSealer", "UnSealer.csproj", "{540DCF66-C4BA-4E6E-8D48-A68FAEEDA4E9}"
EndProject
Global
	GlobalSection(SolutionConfigurationPlatforms) = preSolution
		Debug|Any CPU = Debug|Any CPU
		Release|Any CPU = Release|Any CPU
	EndGlobalSection
	GlobalSection(ProjectConfigurationPlatforms) = postSolution
		{540DCF66-C4BA-4E6E-8D48-A68FAEEDA4E9}.Debug|Any CPU.ActiveCfg = Debug|Any CPU
		{540DCF66-C4BA-4E6E-8D48-A68FAEEDA4E9}.Debug|Any CPU.Build.0 = Debug|Any CPU
		{540DCF66-C4BA-4E6E-8D48-A68FAEEDA4E9}.Release|Any CPU.ActiveCfg = Release|Any CPU
		{540DCF66-C4BA-4E6E-8D48-A68FAEEDA4E9}.Release|Any CPU.Build.0 = Release|Any CPU
	EndGlobalSection
	GlobalSection(SolutionProperties) = preSolution
		HideSolutionNode = FALSE
	EndGlobalSection
	GlobalSection(ExtensibilityGlobals) = postSolution
		SolutionGuid = {A88FDC25-6B17-4E42-8F44-34E63000617B}
	EndGlobalSection
EndGlobal
